
Microsoft Visual Studio Solution File, Format Version 12.00
# Visual Studio 14
VisualStudioVersion = 14.0.25420.1
MinimumVisualStudioVersion = 10.0.40219.1
Project("{FAE04EC0-301F-11D3-BF4B-00C04F79EFBC}") = "Util", "Util\Util.csproj", "{877CCD05-BAA6-430A-A317-E1E9DA0BBAF2}"
EndProject
Project("{FAE04EC0-301F-11D3-BF4B-00C04F79EFBC}") = "Util.Test", "Util.Test\Util.Test.csproj", "{7DAD3054-F204-4BB7-82F7-A2302007EFED}"
EndProject
Global
	GlobalSection(SolutionConfigurationPlatforms) = preSolution
		Debug|Any CPU = Debug|Any CPU
		Release|Any CPU = Release|Any CPU
	EndGlobalSection
	GlobalSection(ProjectConfigurationPlatforms) = postSolution
		{877CCD05-BAA6-430A-A317-E1E9DA0BBAF2}.Debug|Any CPU.ActiveCfg = Debug|Any CPU
		{877CCD05-BAA6-430A-A317-E1E9DA0BBAF2}.Debug|Any CPU.Build.0 = Debug|Any CPU
		{877CCD05-BAA6-430A-A317-E1E9DA0BBAF2}.Release|Any CPU.ActiveCfg = Release|Any CPU
		{877CCD05-BAA6-430A-A317-E1E9DA0BBAF2}.Release|Any CPU.Build.0 = Release|Any CPU
		{7DAD3054-F204-4BB7-82F7-A2302007EFED}.Debug|Any CPU.ActiveCfg = Debug|Any CPU
		{7DAD3054-F204-4BB7-82F7-A2302007EFED}.Debug|Any CPU.Build.0 = Debug|Any CPU
		{7DAD3054-F204-4BB7-82F7-A2302007EFED}.Release|Any CPU.ActiveCfg = Release|Any CPU
		{7DAD3054-F204-4BB7-82F7-A2302007EFED}.Release|Any CPU.Build.0 = Release|Any CPU
	EndGlobalSection
	GlobalSection(SolutionProperties) = preSolution
		HideSolutionNode = FALSE
	EndGlobalSection
EndGlobal
